// !$*UTF8*$!
{
	archiveVersion = 1;
	classes = {
	};
	objectVersion = 56;
	objects = {

/* Begin PBXBuildFile section */
		0805B69C28E2267B002A1FEF /* Main.storyboard in Resources */ = {isa = PBXBuildFile; fileRef = 0805B69B28E2267B002A1FEF /* Main.storyboard */; };
		081DCC1B28E2256800E4E255 /* AppDelegate.swift in Sources */ = {isa = PBXBuildFile; fileRef = 081DCC1A28E2256800E4E255 /* AppDelegate.swift */; };
		081DCC1D28E2256800E4E255 /* SceneDelegate.swift in Sources */ = {isa = PBXBuildFile; fileRef = 081DCC1C28E2256800E4E255 /* SceneDelegate.swift */; };
		081DCC1F28E2256800E4E255 /* ReverseWordsViewController.swift in Sources */ = {isa = PBXBuildFile; fileRef = 081DCC1E28E2256800E4E255 /* ReverseWordsViewController.swift */; };
		081DCC2428E2256A00E4E255 /* Assets.xcassets in Resources */ = {isa = PBXBuildFile; fileRef = 081DCC2328E2256A00E4E255 /* Assets.xcassets */; };
		081DCC2728E2256A00E4E255 /* LaunchScreen.storyboard in Resources */ = {isa = PBXBuildFile; fileRef = 081DCC2528E2256A00E4E255 /* LaunchScreen.storyboard */; };
		08B8106628F02CCD00789B4A /* ReverseWordsViewModel.swift in Sources */ = {isa = PBXBuildFile; fileRef = 08B8106528F02CCC00789B4A /* ReverseWordsViewModel.swift */; };
		08F285A928EB225F002704F2 /* ReverseWordsUnitTests.swift in Sources */ = {isa = PBXBuildFile; fileRef = 08F285A828EB225F002704F2 /* ReverseWordsUnitTests.swift */; };
		08F285B628EB5B71002704F2 /* ReverseWordsUITests.swift in Sources */ = {isa = PBXBuildFile; fileRef = 08F285B528EB5B71002704F2 /* ReverseWordsUITests.swift */; };
/* End PBXBuildFile section */

/* Begin PBXContainerItemProxy section */
		08F285AA28EB225F002704F2 /* PBXContainerItemProxy */ = {
			isa = PBXContainerItemProxy;
			containerPortal = 081DCC0F28E2256800E4E255 /* Project object */;
			proxyType = 1;
			remoteGlobalIDString = 081DCC1628E2256800E4E255;
			remoteInfo = ReverseWords;
		};
		08F285B928EB5B71002704F2 /* PBXContainerItemProxy */ = {
			isa = PBXContainerItemProxy;
			containerPortal = 081DCC0F28E2256800E4E255 /* Project object */;
			proxyType = 1;
			remoteGlobalIDString = 081DCC1628E2256800E4E255;
			remoteInfo = ReverseWords;
		};
/* End PBXContainerItemProxy section */

/* Begin PBXFileReference section */
		0805B69B28E2267B002A1FEF /* Main.storyboard */ = {isa = PBXFileReference; fileEncoding = 4; lastKnownFileType = file.storyboard; path = Main.storyboard; sourceTree = "<group>"; };
		081DCC1728E2256800E4E255 /* ReverseWords.app */ = {isa = PBXFileReference; explicitFileType = wrapper.application; includeInIndex = 0; path = ReverseWords.app; sourceTree = BUILT_PRODUCTS_DIR; };
		081DCC1A28E2256800E4E255 /* AppDelegate.swift */ = {isa = PBXFileReference; lastKnownFileType = sourcecode.swift; path = AppDelegate.swift; sourceTree = "<group>"; };
		081DCC1C28E2256800E4E255 /* SceneDelegate.swift */ = {isa = PBXFileReference; lastKnownFileType = sourcecode.swift; path = SceneDelegate.swift; sourceTree = "<group>"; };
		081DCC1E28E2256800E4E255 /* ReverseWordsViewController.swift */ = {isa = PBXFileReference; lastKnownFileType = sourcecode.swift; path = ReverseWordsViewController.swift; sourceTree = "<group>"; };
		081DCC2328E2256A00E4E255 /* Assets.xcassets */ = {isa = PBXFileReference; lastKnownFileType = folder.assetcatalog; path = Assets.xcassets; sourceTree = "<group>"; };
		081DCC2628E2256A00E4E255 /* Base */ = {isa = PBXFileReference; lastKnownFileType = file.storyboard; name = Base; path = Base.lproj/LaunchScreen.storyboard; sourceTree = "<group>"; };
		081DCC2828E2256A00E4E255 /* Info.plist */ = {isa = PBXFileReference; lastKnownFileType = text.plist.xml; path = Info.plist; sourceTree = "<group>"; };
		08B8106528F02CCC00789B4A /* ReverseWordsViewModel.swift */ = {isa = PBXFileReference; lastKnownFileType = sourcecode.swift; path = ReverseWordsViewModel.swift; sourceTree = "<group>"; };
		08F285A628EB225F002704F2 /* ReverseWordsUnitTests.xctest */ = {isa = PBXFileReference; explicitFileType = wrapper.cfbundle; includeInIndex = 0; path = ReverseWordsUnitTests.xctest; sourceTree = BUILT_PRODUCTS_DIR; };
		08F285A828EB225F002704F2 /* ReverseWordsUnitTests.swift */ = {isa = PBXFileReference; lastKnownFileType = sourcecode.swift; path = ReverseWordsUnitTests.swift; sourceTree = "<group>"; };
		08F285B328EB5B71002704F2 /* ReverseWordsUITests.xctest */ = {isa = PBXFileReference; explicitFileType = wrapper.cfbundle; includeInIndex = 0; path = ReverseWordsUITests.xctest; sourceTree = BUILT_PRODUCTS_DIR; };
		08F285B528EB5B71002704F2 /* ReverseWordsUITests.swift */ = {isa = PBXFileReference; lastKnownFileType = sourcecode.swift; path = ReverseWordsUITests.swift; sourceTree = "<group>"; };
/* End PBXFileReference section */

/* Begin PBXFrameworksBuildPhase section */
		081DCC1428E2256800E4E255 /* Frameworks */ = {
			isa = PBXFrameworksBuildPhase;
			buildActionMask = 2147483647;
			files = (
			);
			runOnlyForDeploymentPostprocessing = 0;
		};
		08F285A328EB225F002704F2 /* Frameworks */ = {
			isa = PBXFrameworksBuildPhase;
			buildActionMask = 2147483647;
			files = (
			);
			runOnlyForDeploymentPostprocessing = 0;
		};
		08F285B028EB5B71002704F2 /* Frameworks */ = {
			isa = PBXFrameworksBuildPhase;
			buildActionMask = 2147483647;
			files = (
			);
			runOnlyForDeploymentPostprocessing = 0;
		};
/* End PBXFrameworksBuildPhase section */

/* Begin PBXGroup section */
		081DCC0E28E2256800E4E255 = {
			isa = PBXGroup;
			children = (
				081DCC1928E2256800E4E255 /* ReverseWords */,
				08F285A728EB225F002704F2 /* ReverseWordsUnitTests */,
				08F285B428EB5B71002704F2 /* ReverseWordsUITests */,
				081DCC1828E2256800E4E255 /* Products */,
			);
			sourceTree = "<group>";
		};
		081DCC1828E2256800E4E255 /* Products */ = {
			isa = PBXGroup;
			children = (
				081DCC1728E2256800E4E255 /* ReverseWords.app */,
				08F285A628EB225F002704F2 /* ReverseWordsUnitTests.xctest */,
				08F285B328EB5B71002704F2 /* ReverseWordsUITests.xctest */,
			);
			name = Products;
			sourceTree = "<group>";
		};
		081DCC1928E2256800E4E255 /* ReverseWords */ = {
			isa = PBXGroup;
			children = (
				081DCC1A28E2256800E4E255 /* AppDelegate.swift */,
				081DCC1C28E2256800E4E255 /* SceneDelegate.swift */,
				081DCC1E28E2256800E4E255 /* ReverseWordsViewController.swift */,
				08B8106528F02CCC00789B4A /* ReverseWordsViewModel.swift */,
				0805B69B28E2267B002A1FEF /* Main.storyboard */,
				081DCC2328E2256A00E4E255 /* Assets.xcassets */,
				081DCC2528E2256A00E4E255 /* LaunchScreen.storyboard */,
				081DCC2828E2256A00E4E255 /* Info.plist */,
			);
			path = ReverseWords;
			sourceTree = "<group>";
		};
		08F285A728EB225F002704F2 /* ReverseWordsUnitTests */ = {
			isa = PBXGroup;
			children = (
				08F285A828EB225F002704F2 /* ReverseWordsUnitTests.swift */,
			);
			path = ReverseWordsUnitTests;
			sourceTree = "<group>";
		};
		08F285B428EB5B71002704F2 /* ReverseWordsUITests */ = {
			isa = PBXGroup;
			children = (
				08F285B528EB5B71002704F2 /* ReverseWordsUITests.swift */,
			);
			path = ReverseWordsUITests;
			sourceTree = "<group>";
		};
/* End PBXGroup section */

/* Begin PBXNativeTarget section */
		081DCC1628E2256800E4E255 /* ReverseWords */ = {
			isa = PBXNativeTarget;
			buildConfigurationList = 081DCC2B28E2256A00E4E255 /* Build configuration list for PBXNativeTarget "ReverseWords" */;
			buildPhases = (
				081DCC1328E2256800E4E255 /* Sources */,
				081DCC1428E2256800E4E255 /* Frameworks */,
				081DCC1528E2256800E4E255 /* Resources */,
			);
			buildRules = (
			);
			dependencies = (
			);
			name = ReverseWords;
			productName = ReverseWords;
			productReference = 081DCC1728E2256800E4E255 /* ReverseWords.app */;
			productType = "com.apple.product-type.application";
		};
		08F285A528EB225F002704F2 /* ReverseWordsUnitTests */ = {
			isa = PBXNativeTarget;
			buildConfigurationList = 08F285AE28EB225F002704F2 /* Build configuration list for PBXNativeTarget "ReverseWordsUnitTests" */;
			buildPhases = (
				08F285A228EB225F002704F2 /* Sources */,
				08F285A328EB225F002704F2 /* Frameworks */,
				08F285A428EB225F002704F2 /* Resources */,
			);
			buildRules = (
			);
			dependencies = (
				08F285AB28EB225F002704F2 /* PBXTargetDependency */,
			);
			name = ReverseWordsUnitTests;
			productName = ReverseWordsUnitTests;
			productReference = 08F285A628EB225F002704F2 /* ReverseWordsUnitTests.xctest */;
			productType = "com.apple.product-type.bundle.unit-test";
		};
		08F285B228EB5B71002704F2 /* ReverseWordsUITests */ = {
			isa = PBXNativeTarget;
			buildConfigurationList = 08F285BB28EB5B71002704F2 /* Build configuration list for PBXNativeTarget "ReverseWordsUITests" */;
			buildPhases = (
				08F285AF28EB5B71002704F2 /* Sources */,
				08F285B028EB5B71002704F2 /* Frameworks */,
				08F285B128EB5B71002704F2 /* Resources */,
			);
			buildRules = (
			);
			dependencies = (
				08F285BA28EB5B71002704F2 /* PBXTargetDependency */,
			);
			name = ReverseWordsUITests;
			productName = ReverseWordsUITests;
			productReference = 08F285B328EB5B71002704F2 /* ReverseWordsUITests.xctest */;
			productType = "com.apple.product-type.bundle.ui-testing";
		};
/* End PBXNativeTarget section */

/* Begin PBXProject section */
		081DCC0F28E2256800E4E255 /* Project object */ = {
			isa = PBXProject;
			attributes = {
				BuildIndependentTargetsInParallel = 1;
				LastSwiftUpdateCheck = 1400;
				LastUpgradeCheck = 1400;
				TargetAttributes = {
					081DCC1628E2256800E4E255 = {
						CreatedOnToolsVersion = 14.0;
					};
					08F285A528EB225F002704F2 = {
						CreatedOnToolsVersion = 14.0.1;
						TestTargetID = 081DCC1628E2256800E4E255;
					};
					08F285B228EB5B71002704F2 = {
						CreatedOnToolsVersion = 14.0.1;
						TestTargetID = 081DCC1628E2256800E4E255;
					};
				};
			};
			buildConfigurationList = 081DCC1228E2256800E4E255 /* Build configuration list for PBXProject "ReverseWords" */;
			compatibilityVersion = "Xcode 14.0";
			developmentRegion = en;
			hasScannedForEncodings = 0;
			knownRegions = (
				en,
				Base,
			);
			mainGroup = 081DCC0E28E2256800E4E255;
			productRefGroup = 081DCC1828E2256800E4E255 /* Products */;
			projectDirPath = "";
			projectRoot = "";
			targets = (
				081DCC1628E2256800E4E255 /* ReverseWords */,
				08F285A528EB225F002704F2 /* ReverseWordsUnitTests */,
				08F285B228EB5B71002704F2 /* ReverseWordsUITests */,
			);
		};
/* End PBXProject section */

/* Begin PBXResourcesBuildPhase section */
		081DCC1528E2256800E4E255 /* Resources */ = {
			isa = PBXResourcesBuildPhase;
			buildActionMask = 2147483647;
			files = (
				0805B69C28E2267B002A1FEF /* Main.storyboard in Resources */,
				081DCC2728E2256A00E4E255 /* LaunchScreen.storyboard in Resources */,
				081DCC2428E2256A00E4E255 /* Assets.xcassets in Resources */,
			);
			runOnlyForDeploymentPostprocessing = 0;
		};
		08F285A428EB225F002704F2 /* Resources */ = {
			isa = PBXResourcesBuildPhase;
			buildActionMask = 2147483647;
			files = (
			);
			runOnlyForDeploymentPostprocessing = 0;
		};
		08F285B128EB5B71002704F2 /* Resources */ = {
			isa = PBXResourcesBuildPhase;
			buildActionMask = 2147483647;
			files = (
			);
			runOnlyForDeploymentPostprocessing = 0;
		};
/* End PBXResourcesBuildPhase section */

/* Begin PBXSourcesBuildPhase section */
		081DCC1328E2256800E4E255 /* Sources */ = {
			isa = PBXSourcesBuildPhase;
			buildActionMask = 2147483647;
			files = (
				081DCC1F28E2256800E4E255 /* ReverseWordsViewController.swift in Sources */,
				08B8106628F02CCD00789B4A /* ReverseWordsViewModel.swift in Sources */,
				081DCC1B28E2256800E4E255 /* AppDelegate.swift in Sources */,
				081DCC1D28E2256800E4E255 /* SceneDelegate.swift in Sources */,
			);
			runOnlyForDeploymentPostprocessing = 0;
		};
		08F285A228EB225F002704F2 /* Sources */ = {
			isa = PBXSourcesBuildPhase;
			buildActionMask = 2147483647;
			files = (
				08F285A928EB225F002704F2 /* ReverseWordsUnitTests.swift in Sources */,
			);
			runOnlyForDeploymentPostprocessing = 0;
		};
		08F285AF28EB5B71002704F2 /* Sources */ = {
			isa = PBXSourcesBuildPhase;
			buildActionMask = 2147483647;
			files = (
				08F285B628EB5B71002704F2 /* ReverseWordsUITests.swift in Sources */,
			);
			runOnlyForDeploymentPostprocessing = 0;
		};
/* End PBXSourcesBuildPhase section */

/* Begin PBXTargetDependency section */
		08F285AB28EB225F002704F2 /* PBXTargetDependency */ = {
			isa = PBXTargetDependency;
			target = 081DCC1628E2256800E4E255 /* ReverseWords */;
			targetProxy = 08F285AA28EB225F002704F2 /* PBXContainerItemProxy */;
		};
		08F285BA28EB5B71002704F2 /* PBXTargetDependency */ = {
			isa = PBXTargetDependency;
			target = 081DCC1628E2256800E4E255 /* ReverseWords */;
			targetProxy = 08F285B928EB5B71002704F2 /* PBXContainerItemProxy */;
		};
/* End PBXTargetDependency section */

/* Begin PBXVariantGroup section */
		081DCC2528E2256A00E4E255 /* LaunchScreen.storyboard */ = {
			isa = PBXVariantGroup;
			children = (
				081DCC2628E2256A00E4E255 /* Base */,
			);
			name = LaunchScreen.storyboard;
			sourceTree = "<group>";
		};
/* End PBXVariantGroup section */

/* Begin XCBuildConfiguration section */
		081DCC2928E2256A00E4E255 /* Debug */ = {
			isa = XCBuildConfiguration;
			buildSettings = {
				ALWAYS_SEARCH_USER_PATHS = NO;
				CLANG_ANALYZER_NONNULL = YES;
				CLANG_ANALYZER_NUMBER_OBJECT_CONVERSION = YES_AGGRESSIVE;
				CLANG_CXX_LANGUAGE_STANDARD = "gnu++20";
				CLANG_ENABLE_MODULES = YES;
				CLANG_ENABLE_OBJC_ARC = YES;
				CLANG_ENABLE_OBJC_WEAK = YES;
				CLANG_WARN_BLOCK_CAPTURE_AUTORELEASING = YES;
				CLANG_WARN_BOOL_CONVERSION = YES;
				CLANG_WARN_COMMA = YES;
				CLANG_WARN_CONSTANT_CONVERSION = YES;
				CLANG_WARN_DEPRECATED_OBJC_IMPLEMENTATIONS = YES;
				CLANG_WARN_DIRECT_OBJC_ISA_USAGE = YES_ERROR;
				CLANG_WARN_DOCUMENTATION_COMMENTS = YES;
				CLANG_WARN_EMPTY_BODY = YES;
				CLANG_WARN_ENUM_CONVERSION = YES;
				CLANG_WARN_INFINITE_RECURSION = YES;
				CLANG_WARN_INT_CONVERSION = YES;
				CLANG_WARN_NON_LITERAL_NULL_CONVERSION = YES;
				CLANG_WARN_OBJC_IMPLICIT_RETAIN_SELF = YES;
				CLANG_WARN_OBJC_LITERAL_CONVERSION = YES;
				CLANG_WARN_OBJC_ROOT_CLASS = YES_ERROR;
				CLANG_WARN_QUOTED_INCLUDE_IN_FRAMEWORK_HEADER = YES;
				CLANG_WARN_RANGE_LOOP_ANALYSIS = YES;
				CLANG_WARN_STRICT_PROTOTYPES = YES;
				CLANG_WARN_SUSPICIOUS_MOVE = YES;
				CLANG_WARN_UNGUARDED_AVAILABILITY = YES_AGGRESSIVE;
				CLANG_WARN_UNREACHABLE_CODE = YES;
				CLANG_WARN__DUPLICATE_METHOD_MATCH = YES;
				COPY_PHASE_STRIP = NO;
				DEBUG_INFORMATION_FORMAT = dwarf;
				ENABLE_STRICT_OBJC_MSGSEND = YES;
				ENABLE_TESTABILITY = YES;
				GCC_C_LANGUAGE_STANDARD = gnu11;
				GCC_DYNAMIC_NO_PIC = NO;
				GCC_NO_COMMON_BLOCKS = YES;
				GCC_OPTIMIZATION_LEVEL = 0;
				GCC_PREPROCESSOR_DEFINITIONS = (
					"DEBUG=1",
					"$(inherited)",
				);
				GCC_WARN_64_TO_32_BIT_CONVERSION = YES;
				GCC_WARN_ABOUT_RETURN_TYPE = YES_ERROR;
				GCC_WARN_UNDECLARED_SELECTOR = YES;
				GCC_WARN_UNINITIALIZED_AUTOS = YES_AGGRESSIVE;
				GCC_WARN_UNUSED_FUNCTION = YES;
				GCC_WARN_UNUSED_VARIABLE = YES;
				IPHONEOS_DEPLOYMENT_TARGET = 16.0;
				MTL_ENABLE_DEBUG_INFO = INCLUDE_SOURCE;
				MTL_FAST_MATH = YES;
				ONLY_ACTIVE_ARCH = YES;
				SDKROOT = iphoneos;
				SWIFT_ACTIVE_COMPILATION_CONDITIONS = DEBUG;
				SWIFT_OPTIMIZATION_LEVEL = "-Onone";
			};
			name = Debug;
		};
		081DCC2A28E2256A00E4E255 /* Release */ = {
			isa = XCBuildConfiguration;
			buildSettings = {
				ALWAYS_SEARCH_USER_PATHS = NO;
				CLANG_ANALYZER_NONNULL = YES;
				CLANG_ANALYZER_NUMBER_OBJECT_CONVERSION = YES_AGGRESSIVE;
				CLANG_CXX_LANGUAGE_STANDARD = "gnu++20";
				CLANG_ENABLE_MODULES = YES;
				CLANG_ENABLE_OBJC_ARC = YES;
				CLANG_ENABLE_OBJC_WEAK = YES;
				CLANG_WARN_BLOCK_CAPTURE_AUTORELEASING = YES;
				CLANG_WARN_BOOL_CONVERSION = YES;
				CLANG_WARN_COMMA = YES;
				CLANG_WARN_CONSTANT_CONVERSION = YES;
				CLANG_WARN_DEPRECATED_OBJC_IMPLEMENTATIONS = YES;
				CLANG_WARN_DIRECT_OBJC_ISA_USAGE = YES_ERROR;
				CLANG_WARN_DOCUMENTATION_COMMENTS = YES;
				CLANG_WARN_EMPTY_BODY = YES;
				CLANG_WARN_ENUM_CONVERSION = YES;
				CLANG_WARN_INFINITE_RECURSION = YES;
				CLANG_WARN_INT_CONVERSION = YES;
				CLANG_WARN_NON_LITERAL_NULL_CONVERSION = YES;
				CLANG_WARN_OBJC_IMPLICIT_RETAIN_SELF = YES;
				CLANG_WARN_OBJC_LITERAL_CONVERSION = YES;
				CLANG_WARN_OBJC_ROOT_CLASS = YES_ERROR;
				CLANG_WARN_QUOTED_INCLUDE_IN_FRAMEWORK_HEADER = YES;
				CLANG_WARN_RANGE_LOOP_ANALYSIS = YES;
				CLANG_WARN_STRICT_PROTOTYPES = YES;
				CLANG_WARN_SUSPICIOUS_MOVE = YES;
				CLANG_WARN_UNGUARDED_AVAILABILITY = YES_AGGRESSIVE;
				CLANG_WARN_UNREACHABLE_CODE = YES;
				CLANG_WARN__DUPLICATE_METHOD_MATCH = YES;
				COPY_PHASE_STRIP = NO;
				DEBUG_INFORMATION_FORMAT = "dwarf-with-dsym";
				ENABLE_NS_ASSERTIONS = NO;
				ENABLE_STRICT_OBJC_MSGSEND = YES;
				GCC_C_LANGUAGE_STANDARD = gnu11;
				GCC_NO_COMMON_BLOCKS = YES;
				GCC_WARN_64_TO_32_BIT_CONVERSION = YES;
				GCC_WARN_ABOUT_RETURN_TYPE = YES_ERROR;
				GCC_WARN_UNDECLARED_SELECTOR = YES;
				GCC_WARN_UNINITIALIZED_AUTOS = YES_AGGRESSIVE;
				GCC_WARN_UNUSED_FUNCTION = YES;
				GCC_WARN_UNUSED_VARIABLE = YES;
				IPHONEOS_DEPLOYMENT_TARGET = 16.0;
				MTL_ENABLE_DEBUG_INFO = NO;
				MTL_FAST_MATH = YES;
				SDKROOT = iphoneos;
				SWIFT_COMPILATION_MODE = wholemodule;
				SWIFT_OPTIMIZATION_LEVEL = "-O";
				VALIDATE_PRODUCT = YES;
			};
			name = Release;
		};
		081DCC2C28E2256A00E4E255 /* Debug */ = {
			isa = XCBuildConfiguration;
			buildSettings = {
				ASSETCATALOG_COMPILER_APPICON_NAME = AppIcon;
				ASSETCATALOG_COMPILER_GLOBAL_ACCENT_COLOR_NAME = AccentColor;
				CODE_SIGN_STYLE = Automatic;
				CURRENT_PROJECT_VERSION = 1;
				DEVELOPMENT_TEAM = 9PF2GLF6PD;
				GENERATE_INFOPLIST_FILE = YES;
				INFOPLIST_FILE = ReverseWords/Info.plist;
				INFOPLIST_KEY_UIApplicationSupportsIndirectInputEvents = YES;
				INFOPLIST_KEY_UILaunchStoryboardName = LaunchScreen;
				INFOPLIST_KEY_UIMainStoryboardFile = Main;
				INFOPLIST_KEY_UISupportedInterfaceOrientations = "UIInterfaceOrientationPortrait UIInterfaceOrientationPortraitUpsideDown";
				IPHONEOS_DEPLOYMENT_TARGET = 15.0;
				LD_RUNPATH_SEARCH_PATHS = (
					"$(inherited)",
					"@executable_path/Frameworks",
				);
				MARKETING_VERSION = 1.0;
				PRODUCT_BUNDLE_IDENTIFIER = com.Beavean.Anthony.ReverseWords;
				PRODUCT_NAME = "$(TARGET_NAME)";
				SUPPORTED_PLATFORMS = "iphoneos iphonesimulator";
				SUPPORTS_MACCATALYST = NO;
				SUPPORTS_MAC_DESIGNED_FOR_IPHONE_IPAD = NO;
				SWIFT_EMIT_LOC_STRINGS = YES;
				SWIFT_VERSION = 5.0;
				TARGETED_DEVICE_FAMILY = 1;
			};
			name = Debug;
		};
		081DCC2D28E2256A00E4E255 /* Release */ = {
			isa = XCBuildConfiguration;
			buildSettings = {
				ASSETCATALOG_COMPILER_APPICON_NAME = AppIcon;
				ASSETCATALOG_COMPILER_GLOBAL_ACCENT_COLOR_NAME = AccentColor;
				CODE_SIGN_STYLE = Automatic;
				CURRENT_PROJECT_VERSION = 1;
				DEVELOPMENT_TEAM = 9PF2GLF6PD;
				GENERATE_INFOPLIST_FILE = YES;
				INFOPLIST_FILE = ReverseWords/Info.plist;
				INFOPLIST_KEY_UIApplicationSupportsIndirectInputEvents = YES;
				INFOPLIST_KEY_UILaunchStoryboardName = LaunchScreen;
				INFOPLIST_KEY_UIMainStoryboardFile = Main;
				INFOPLIST_KEY_UISupportedInterfaceOrientations = "UIInterfaceOrientationPortrait UIInterfaceOrientationPortraitUpsideDown";
				IPHONEOS_DEPLOYMENT_TARGET = 15.0;
				LD_RUNPATH_SEARCH_PATHS = (
					"$(inherited)",
					"@executable_path/Frameworks",
				);
				MARKETING_VERSION = 1.0;
				PRODUCT_BUNDLE_IDENTIFIER = com.Beavean.Anthony.ReverseWords;
				PRODUCT_NAME = "$(TARGET_NAME)";
				SUPPORTED_PLATFORMS = "iphoneos iphonesimulator";
				SUPPORTS_MACCATALYST = NO;
				SUPPORTS_MAC_DESIGNED_FOR_IPHONE_IPAD = NO;
				SWIFT_EMIT_LOC_STRINGS = YES;
				SWIFT_VERSION = 5.0;
				TARGETED_DEVICE_FAMILY = 1;
			};
			name = Release;
		};
		08F285AC28EB225F002704F2 /* Debug */ = {
			isa = XCBuildConfiguration;
			buildSettings = {
				BUNDLE_LOADER = "$(TEST_HOST)";
				CODE_SIGN_STYLE = Automatic;
				CURRENT_PROJECT_VERSION = 1;
				DEVELOPMENT_TEAM = 9PF2GLF6PD;
				GENERATE_INFOPLIST_FILE = YES;
				MARKETING_VERSION = 1.0;
				PRODUCT_BUNDLE_IDENTIFIER = com.Beavean.Anthony.ReverseWordsUnitTests;
				PRODUCT_NAME = "$(TARGET_NAME)";
				SWIFT_EMIT_LOC_STRINGS = NO;
				SWIFT_VERSION = 5.0;
				TARGETED_DEVICE_FAMILY = "1,2";
				TEST_HOST = "$(BUILT_PRODUCTS_DIR)/ReverseWords.app/$(BUNDLE_EXECUTABLE_FOLDER_PATH)/ReverseWords";
			};
			name = Debug;
		};
		08F285AD28EB225F002704F2 /* Release */ = {
			isa = XCBuildConfiguration;
			buildSettings = {
				BUNDLE_LOADER = "$(TEST_HOST)";
				CODE_SIGN_STYLE = Automatic;
				CURRENT_PROJECT_VERSION = 1;
				DEVELOPMENT_TEAM = 9PF2GLF6PD;
				GENERATE_INFOPLIST_FILE = YES;
				MARKETING_VERSION = 1.0;
				PRODUCT_BUNDLE_IDENTIFIER = com.Beavean.Anthony.ReverseWordsUnitTests;
				PRODUCT_NAME = "$(TARGET_NAME)";
				SWIFT_EMIT_LOC_STRINGS = NO;
				SWIFT_VERSION = 5.0;
				TARGETED_DEVICE_FAMILY = "1,2";
				TEST_HOST = "$(BUILT_PRODUCTS_DIR)/ReverseWords.app/$(BUNDLE_EXECUTABLE_FOLDER_PATH)/ReverseWords";
			};
			name = Release;
		};
		08F285BC28EB5B71002704F2 /* Debug */ = {
			isa = XCBuildConfiguration;
			buildSettings = {
				CODE_SIGN_STYLE = Automatic;
				CURRENT_PROJECT_VERSION = 1;
				DEVELOPMENT_TEAM = 9PF2GLF6PD;
				GENERATE_INFOPLIST_FILE = YES;
				IPHONEOS_DEPLOYMENT_TARGET = 14.0;
				MARKETING_VERSION = 1.0;
				PRODUCT_BUNDLE_IDENTIFIER = com.Beavean.Anthony.ReverseWordsUITests;
				PRODUCT_NAME = "$(TARGET_NAME)";
				SWIFT_EMIT_LOC_STRINGS = NO;
				SWIFT_VERSION = 5.0;
				TARGETED_DEVICE_FAMILY = "1,2";
				TEST_TARGET_NAME = ReverseWords;
			};
			name = Debug;
		};
		08F285BD28EB5B71002704F2 /* Release */ = {
			isa = XCBuildConfiguration;
			buildSettings = {
				CODE_SIGN_STYLE = Automatic;
				CURRENT_PROJECT_VERSION = 1;
				DEVELOPMENT_TEAM = 9PF2GLF6PD;
				GENERATE_INFOPLIST_FILE = YES;
				IPHONEOS_DEPLOYMENT_TARGET = 14.0;
				MARKETING_VERSION = 1.0;
				PRODUCT_BUNDLE_IDENTIFIER = com.Beavean.Anthony.ReverseWordsUITests;
				PRODUCT_NAME = "$(TARGET_NAME)";
				SWIFT_EMIT_LOC_STRINGS = NO;
				SWIFT_VERSION = 5.0;
				TARGETED_DEVICE_FAMILY = "1,2";
				TEST_TARGET_NAME = ReverseWords;
			};
			name = Release;
		};
/* End XCBuildConfiguration section */

/* Begin XCConfigurationList section */
		081DCC1228E2256800E4E255 /* Build configuration list for PBXProject "ReverseWords" */ = {
			isa = XCConfigurationList;
			buildConfigurations = (
				081DCC2928E2256A00E4E255 /* Debug */,
				081DCC2A28E2256A00E4E255 /* Release */,
			);
			defaultConfigurationIsVisible = 0;
			defaultConfigurationName = Release;
		};
		081DCC2B28E2256A00E4E255 /* Build configuration list for PBXNativeTarget "ReverseWords" */ = {
			isa = XCConfigurationList;
			buildConfigurations = (
				081DCC2C28E2256A00E4E255 /* Debug */,
				081DCC2D28E2256A00E4E255 /* Release */,
			);
			defaultConfigurationIsVisible = 0;
			defaultConfigurationName = Release;
		};
		08F285AE28EB225F002704F2 /* Build configuration list for PBXNativeTarget "ReverseWordsUnitTests" */ = {
			isa = XCConfigurationList;
			buildConfigurations = (
				08F285AC28EB225F002704F2 /* Debug */,
				08F285AD28EB225F002704F2 /* Release */,
			);
			defaultConfigurationIsVisible = 0;
			defaultConfigurationName = Release;
		};
		08F285BB28EB5B71002704F2 /* Build configuration list for PBXNativeTarget "ReverseWordsUITests" */ = {
			isa = XCConfigurationList;
			buildConfigurations = (
				08F285BC28EB5B71002704F2 /* Debug */,
				08F285BD28EB5B71002704F2 /* Release */,
			);
			defaultConfigurationIsVisible = 0;
			defaultConfigurationName = Release;
		};
/* End XCConfigurationList section */
	};
	rootObject = 081DCC0F28E2256800E4E255 /* Project object */;
}
